{
  "object": {
    "pins": [
      {
        "package": "WTKit",
        "repositoryURL": "https://github.com/songwentong/WTKit.git",
        "state": {
          "branch": "master",
          "revision": "feedd72b40c9c9b009d52c562f91bdfe88d3d622",
          "version": null
        }
      }
    ]
  },
  "version": 1
}
