{
  "object": {
    "pins": [
      {
        "package": "WTKit",
        "repositoryURL": "https://github.com/songwentong/WTKit.git",
        "state": {
          "branch": "master",
          "revision": "3fc4e95747e62171d573809c234177f5941efd6d",
          "version": null
        }
      }
    ]
  },
  "version": 1
}
