{
  "object": {
    "pins": [
      {
        "package": "WTKit",
        "repositoryURL": "https://github.com/songwentong/WTKit.git",
        "state": {
          "branch": "master",
          "revision": "c00006c9754eeeb034d129d4570ce92347aa0ddd",
          "version": null
        }
      }
    ]
  },
  "version": 1
}
